
Microsoft Visual Studio Solution File, Format Version 12.00
# Visual Studio 15
VisualStudioVersion = 15.0.26124.0
MinimumVisualStudioVersion = 15.0.26124.0
Project("{FAE04EC0-301F-11D3-BF4B-00C04F79EFBC}") = "Softplan.CalculaJuros.Api", "Softplan.CalculaJuros.Api\Softplan.CalculaJuros.Api.csproj", "{BA5D7421-EF35-463D-B0F7-5A3165DD2A94}"
EndProject
Project("{FAE04EC0-301F-11D3-BF4B-00C04F79EFBC}") = "Softplan.CalculaJuros.Domain", "Softplan.CalculaJuros.Domain\Softplan.CalculaJuros.Domain.csproj", "{C9B36CB5-3CBF-4626-BE54-3BF4D89E7294}"
EndProject
Project("{FAE04EC0-301F-11D3-BF4B-00C04F79EFBC}") = "Softplan.CalculaJuros.Infra", "Softplan.CalculaJuros.Infra\Softplan.CalculaJuros.Infra.csproj", "{B64E16B1-C178-49F1-BCC8-F237CDD9BFE9}"
EndProject
Project("{FAE04EC0-301F-11D3-BF4B-00C04F79EFBC}") = "Softplan.CalculaJuros.Tests", "Softplan.CalculaJuros.Tests\Softplan.CalculaJuros.Tests.csproj", "{0F2D5CA1-17BC-4652-A908-FBCA068671B1}"
EndProject
Global
	GlobalSection(SolutionConfigurationPlatforms) = preSolution
		Debug|Any CPU = Debug|Any CPU
		Debug|x64 = Debug|x64
		Debug|x86 = Debug|x86
		Release|Any CPU = Release|Any CPU
		Release|x64 = Release|x64
		Release|x86 = Release|x86
	EndGlobalSection
	GlobalSection(SolutionProperties) = preSolution
		HideSolutionNode = FALSE
	EndGlobalSection
	GlobalSection(ProjectConfigurationPlatforms) = postSolution
		{BA5D7421-EF35-463D-B0F7-5A3165DD2A94}.Debug|Any CPU.ActiveCfg = Debug|Any CPU
		{BA5D7421-EF35-463D-B0F7-5A3165DD2A94}.Debug|Any CPU.Build.0 = Debug|Any CPU
		{BA5D7421-EF35-463D-B0F7-5A3165DD2A94}.Debug|x64.ActiveCfg = Debug|Any CPU
		{BA5D7421-EF35-463D-B0F7-5A3165DD2A94}.Debug|x64.Build.0 = Debug|Any CPU
		{BA5D7421-EF35-463D-B0F7-5A3165DD2A94}.Debug|x86.ActiveCfg = Debug|Any CPU
		{BA5D7421-EF35-463D-B0F7-5A3165DD2A94}.Debug|x86.Build.0 = Debug|Any CPU
		{BA5D7421-EF35-463D-B0F7-5A3165DD2A94}.Release|Any CPU.ActiveCfg = Release|Any CPU
		{BA5D7421-EF35-463D-B0F7-5A3165DD2A94}.Release|Any CPU.Build.0 = Release|Any CPU
		{BA5D7421-EF35-463D-B0F7-5A3165DD2A94}.Release|x64.ActiveCfg = Release|Any CPU
		{BA5D7421-EF35-463D-B0F7-5A3165DD2A94}.Release|x64.Build.0 = Release|Any CPU
		{BA5D7421-EF35-463D-B0F7-5A3165DD2A94}.Release|x86.ActiveCfg = Release|Any CPU
		{BA5D7421-EF35-463D-B0F7-5A3165DD2A94}.Release|x86.Build.0 = Release|Any CPU
		{C9B36CB5-3CBF-4626-BE54-3BF4D89E7294}.Debug|Any CPU.ActiveCfg = Debug|Any CPU
		{C9B36CB5-3CBF-4626-BE54-3BF4D89E7294}.Debug|Any CPU.Build.0 = Debug|Any CPU
		{C9B36CB5-3CBF-4626-BE54-3BF4D89E7294}.Debug|x64.ActiveCfg = Debug|Any CPU
		{C9B36CB5-3CBF-4626-BE54-3BF4D89E7294}.Debug|x64.Build.0 = Debug|Any CPU
		{C9B36CB5-3CBF-4626-BE54-3BF4D89E7294}.Debug|x86.ActiveCfg = Debug|Any CPU
		{C9B36CB5-3CBF-4626-BE54-3BF4D89E7294}.Debug|x86.Build.0 = Debug|Any CPU
		{C9B36CB5-3CBF-4626-BE54-3BF4D89E7294}.Release|Any CPU.ActiveCfg = Release|Any CPU
		{C9B36CB5-3CBF-4626-BE54-3BF4D89E7294}.Release|Any CPU.Build.0 = Release|Any CPU
		{C9B36CB5-3CBF-4626-BE54-3BF4D89E7294}.Release|x64.ActiveCfg = Release|Any CPU
		{C9B36CB5-3CBF-4626-BE54-3BF4D89E7294}.Release|x64.Build.0 = Release|Any CPU
		{C9B36CB5-3CBF-4626-BE54-3BF4D89E7294}.Release|x86.ActiveCfg = Release|Any CPU
		{C9B36CB5-3CBF-4626-BE54-3BF4D89E7294}.Release|x86.Build.0 = Release|Any CPU
		{B64E16B1-C178-49F1-BCC8-F237CDD9BFE9}.Debug|Any CPU.ActiveCfg = Debug|Any CPU
		{B64E16B1-C178-49F1-BCC8-F237CDD9BFE9}.Debug|Any CPU.Build.0 = Debug|Any CPU
		{B64E16B1-C178-49F1-BCC8-F237CDD9BFE9}.Debug|x64.ActiveCfg = Debug|Any CPU
		{B64E16B1-C178-49F1-BCC8-F237CDD9BFE9}.Debug|x64.Build.0 = Debug|Any CPU
		{B64E16B1-C178-49F1-BCC8-F237CDD9BFE9}.Debug|x86.ActiveCfg = Debug|Any CPU
		{B64E16B1-C178-49F1-BCC8-F237CDD9BFE9}.Debug|x86.Build.0 = Debug|Any CPU
		{B64E16B1-C178-49F1-BCC8-F237CDD9BFE9}.Release|Any CPU.ActiveCfg = Release|Any CPU
		{B64E16B1-C178-49F1-BCC8-F237CDD9BFE9}.Release|Any CPU.Build.0 = Release|Any CPU
		{B64E16B1-C178-49F1-BCC8-F237CDD9BFE9}.Release|x64.ActiveCfg = Release|Any CPU
		{B64E16B1-C178-49F1-BCC8-F237CDD9BFE9}.Release|x64.Build.0 = Release|Any CPU
		{B64E16B1-C178-49F1-BCC8-F237CDD9BFE9}.Release|x86.ActiveCfg = Release|Any CPU
		{B64E16B1-C178-49F1-BCC8-F237CDD9BFE9}.Release|x86.Build.0 = Release|Any CPU
		{0F2D5CA1-17BC-4652-A908-FBCA068671B1}.Debug|Any CPU.ActiveCfg = Debug|Any CPU
		{0F2D5CA1-17BC-4652-A908-FBCA068671B1}.Debug|Any CPU.Build.0 = Debug|Any CPU
		{0F2D5CA1-17BC-4652-A908-FBCA068671B1}.Debug|x64.ActiveCfg = Debug|Any CPU
		{0F2D5CA1-17BC-4652-A908-FBCA068671B1}.Debug|x64.Build.0 = Debug|Any CPU
		{0F2D5CA1-17BC-4652-A908-FBCA068671B1}.Debug|x86.ActiveCfg = Debug|Any CPU
		{0F2D5CA1-17BC-4652-A908-FBCA068671B1}.Debug|x86.Build.0 = Debug|Any CPU
		{0F2D5CA1-17BC-4652-A908-FBCA068671B1}.Release|Any CPU.ActiveCfg = Release|Any CPU
		{0F2D5CA1-17BC-4652-A908-FBCA068671B1}.Release|Any CPU.Build.0 = Release|Any CPU
		{0F2D5CA1-17BC-4652-A908-FBCA068671B1}.Release|x64.ActiveCfg = Release|Any CPU
		{0F2D5CA1-17BC-4652-A908-FBCA068671B1}.Release|x64.Build.0 = Release|Any CPU
		{0F2D5CA1-17BC-4652-A908-FBCA068671B1}.Release|x86.ActiveCfg = Release|Any CPU
		{0F2D5CA1-17BC-4652-A908-FBCA068671B1}.Release|x86.Build.0 = Release|Any CPU
	EndGlobalSection
EndGlobal
